
Microsoft Visual Studio Solution File, Format Version 12.00
# Visual Studio Version 17
VisualStudioVersion = 17.10.35013.160
MinimumVisualStudioVersion = 10.0.40219.1
Project("{FAE04EC0-301F-11D3-BF4B-00C04F79EFBC}") = "demo2", "demo2\demo2.csproj", "{743D655F-21AF-402D-9521-36E21B9E40CE}"
EndProject
Global
	GlobalSection(SolutionConfigurationPlatforms) = preSolution
		Debug|Any CPU = Debug|Any CPU
		Release|Any CPU = Release|Any CPU
	EndGlobalSection
	GlobalSection(ProjectConfigurationPlatforms) = postSolution
		{743D655F-21AF-402D-9521-36E21B9E40CE}.Debug|Any CPU.ActiveCfg = Debug|Any CPU
		{743D655F-21AF-402D-9521-36E21B9E40CE}.Debug|Any CPU.Build.0 = Debug|Any CPU
		{743D655F-21AF-402D-9521-36E21B9E40CE}.Release|Any CPU.ActiveCfg = Release|Any CPU
		{743D655F-21AF-402D-9521-36E21B9E40CE}.Release|Any CPU.Build.0 = Release|Any CPU
	EndGlobalSection
	GlobalSection(SolutionProperties) = preSolution
		HideSolutionNode = FALSE
	EndGlobalSection
	GlobalSection(ExtensibilityGlobals) = postSolution
		SolutionGuid = {E6659203-D13D-4EFD-A3F7-BE586D9EF61D}
	EndGlobalSection
EndGlobal
